// !$*UTF8*$!
{
	archiveVersion = 1;
	classes = {
	};
	objectVersion = 46;
	objects = {

/* Begin PBXBuildFile section */
		4D24CE881A254B3AA40326FD /* libPods.a in Frameworks */ = {isa = PBXBuildFile; fileRef = 5DC16B4057084455AF54C4A5 /* libPods.a */; };
		C73F2D0D1965027B00B9AC53 /* MOUpdater.m in Sources */ = {isa = PBXBuildFile; fileRef = C75D39331962C2660007B632 /* MOUpdater.m */; };
		C75D38EF1962A6910007B632 /* LICENSE in Resources */ = {isa = PBXBuildFile; fileRef = C75D38EE1962A6910007B632 /* LICENSE */; };
		C75D392E1962C2660007B632 /* Cocoa.framework in Frameworks */ = {isa = PBXBuildFile; fileRef = C7728084196252C300315C42 /* Cocoa.framework */; };
		C75D39341962C2660007B632 /* MOUpdater.m in Sources */ = {isa = PBXBuildFile; fileRef = C75D39331962C2660007B632 /* MOUpdater.m */; };
		C75D393A1962C2660007B632 /* XCTest.framework in Frameworks */ = {isa = PBXBuildFile; fileRef = C77280A3196252C300315C42 /* XCTest.framework */; };
		C75D393B1962C2660007B632 /* Cocoa.framework in Frameworks */ = {isa = PBXBuildFile; fileRef = C7728084196252C300315C42 /* Cocoa.framework */; };
		C75D393E1962C2660007B632 /* MOAutoUpdater.dylib in Frameworks */ = {isa = PBXBuildFile; fileRef = C75D392D1962C2660007B632 /* MOAutoUpdater.dylib */; };
		C75D39441962C2660007B632 /* InfoPlist.strings in Resources */ = {isa = PBXBuildFile; fileRef = C75D39421962C2660007B632 /* InfoPlist.strings */; };
		C75D39461962C2660007B632 /* MOAutoUpdaterTests.m in Sources */ = {isa = PBXBuildFile; fileRef = C75D39451962C2660007B632 /* MOAutoUpdaterTests.m */; };
		C75D394E1962CAEE0007B632 /* MOUpdater.h in Headers */ = {isa = PBXBuildFile; fileRef = C75D39321962C2660007B632 /* MOUpdater.h */; settings = {ATTRIBUTES = (Public, ); }; };
		C75D39511962CDAA0007B632 /* MOGithubReleaseFetcher.h in Headers */ = {isa = PBXBuildFile; fileRef = C75D394F1962CDAA0007B632 /* MOGithubReleaseFetcher.h */; settings = {ATTRIBUTES = (Public, ); }; };
		C75D39521962CDAA0007B632 /* MOGithubReleaseFetcher.m in Sources */ = {isa = PBXBuildFile; fileRef = C75D39501962CDAA0007B632 /* MOGithubReleaseFetcher.m */; };
		C75D39551962CF260007B632 /* MOLog.h in Headers */ = {isa = PBXBuildFile; fileRef = C75D39531962CF260007B632 /* MOLog.h */; };
		C75D39561962CF260007B632 /* MOLog.m in Sources */ = {isa = PBXBuildFile; fileRef = C75D39541962CF260007B632 /* MOLog.m */; };
		C75D395B196300920007B632 /* MOZipUnarchiver.h in Headers */ = {isa = PBXBuildFile; fileRef = C75D3959196300920007B632 /* MOZipUnarchiver.h */; settings = {ATTRIBUTES = (Public, ); }; };
		C75D395C196300920007B632 /* MOZipUnarchiver.m in Sources */ = {isa = PBXBuildFile; fileRef = C75D395A196300920007B632 /* MOZipUnarchiver.m */; };
		C75D395D196300CE0007B632 /* MOUnarchiver.h in Headers */ = {isa = PBXBuildFile; fileRef = C75D39581963004B0007B632 /* MOUnarchiver.h */; settings = {ATTRIBUTES = (Public, ); }; };
		C75D395F196306700007B632 /* MOUnarchiver.m in Sources */ = {isa = PBXBuildFile; fileRef = C75D395E196306700007B632 /* MOUnarchiver.m */; };
		C7728085196252C300315C42 /* Cocoa.framework in Frameworks */ = {isa = PBXBuildFile; fileRef = C7728084196252C300315C42 /* Cocoa.framework */; };
		C772808F196252C300315C42 /* InfoPlist.strings in Resources */ = {isa = PBXBuildFile; fileRef = C772808D196252C300315C42 /* InfoPlist.strings */; };
		C7728091196252C300315C42 /* main.m in Sources */ = {isa = PBXBuildFile; fileRef = C7728090196252C300315C42 /* main.m */; };
		C77280BA1962555B00315C42 /* MOTerminationObserver.m in Sources */ = {isa = PBXBuildFile; fileRef = C77280B91962555B00315C42 /* MOTerminationObserver.m */; };
		C77280BD196262B000315C42 /* MOInstaller.m in Sources */ = {isa = PBXBuildFile; fileRef = C77280BC196262B000315C42 /* MOInstaller.m */; };
		C7DD58181963A95C0014311D /* MOUpdateChecker.h in Headers */ = {isa = PBXBuildFile; fileRef = C7DD58161963A95C0014311D /* MOUpdateChecker.h */; settings = {ATTRIBUTES = (Public, ); }; };
		C7DD58191963A95C0014311D /* MOUpdateChecker.m in Sources */ = {isa = PBXBuildFile; fileRef = C7DD58171963A95C0014311D /* MOUpdateChecker.m */; };
		C7DD581C1963A99C0014311D /* MOArchiveFetcher.h in Headers */ = {isa = PBXBuildFile; fileRef = C7DD581A1963A99C0014311D /* MOArchiveFetcher.h */; settings = {ATTRIBUTES = (Public, ); }; };
		C7DD581D1963A99C0014311D /* MOArchiveFetcher.m in Sources */ = {isa = PBXBuildFile; fileRef = C7DD581B1963A99C0014311D /* MOArchiveFetcher.m */; };
		C7DD58211963D5FC0014311D /* MOValidator.h in Headers */ = {isa = PBXBuildFile; fileRef = C7DD581F1963D5FC0014311D /* MOValidator.h */; settings = {ATTRIBUTES = (Public, ); }; };
		C7DD58221963D5FC0014311D /* MOValidator.m in Sources */ = {isa = PBXBuildFile; fileRef = C7DD58201963D5FC0014311D /* MOValidator.m */; };
		C7DD58251963D6190014311D /* MOCodeSignValidator.h in Headers */ = {isa = PBXBuildFile; fileRef = C7DD58231963D6190014311D /* MOCodeSignValidator.h */; settings = {ATTRIBUTES = (Public, ); }; };
		C7DD58261963D6190014311D /* MOCodeSignValidator.m in Sources */ = {isa = PBXBuildFile; fileRef = C7DD58241963D6190014311D /* MOCodeSignValidator.m */; };
		C7DD58291963D6280014311D /* SUCodeSigningVerifier.h in Headers */ = {isa = PBXBuildFile; fileRef = C7DD58271963D6280014311D /* SUCodeSigningVerifier.h */; };
		C7DD582A1963D6280014311D /* SUCodeSigningVerifier.m in Sources */ = {isa = PBXBuildFile; fileRef = C7DD58281963D6280014311D /* SUCodeSigningVerifier.m */; };
/* End PBXBuildFile section */

/* Begin PBXContainerItemProxy section */
		C75D393C1962C2660007B632 /* PBXContainerItemProxy */ = {
			isa = PBXContainerItemProxy;
			containerPortal = C7728079196252C300315C42 /* Project object */;
			proxyType = 1;
			remoteGlobalIDString = C75D392C1962C2660007B632;
			remoteInfo = MOAutoUpdater;
		};
/* End PBXContainerItemProxy section */

/* Begin PBXFileReference section */
		5DC16B4057084455AF54C4A5 /* libPods.a */ = {isa = PBXFileReference; explicitFileType = archive.ar; includeInIndex = 0; path = libPods.a; sourceTree = BUILT_PRODUCTS_DIR; };
		664C4CBCFB8AB06C0CCBBE21 /* Pods.debug.xcconfig */ = {isa = PBXFileReference; includeInIndex = 1; lastKnownFileType = text.xcconfig; name = Pods.debug.xcconfig; path = "Pods/Target Support Files/Pods/Pods.debug.xcconfig"; sourceTree = "<group>"; };
		A6AB3E783F8A6BF7B3E724D3 /* Pods.release.xcconfig */ = {isa = PBXFileReference; includeInIndex = 1; lastKnownFileType = text.xcconfig; name = Pods.release.xcconfig; path = "Pods/Target Support Files/Pods/Pods.release.xcconfig"; sourceTree = "<group>"; };
		C75D38EE1962A6910007B632 /* LICENSE */ = {isa = PBXFileReference; fileEncoding = 4; lastKnownFileType = text; path = LICENSE; sourceTree = SOURCE_ROOT; };
		C75D392D1962C2660007B632 /* MOAutoUpdater.dylib */ = {isa = PBXFileReference; explicitFileType = "compiled.mach-o.dylib"; includeInIndex = 0; path = MOAutoUpdater.dylib; sourceTree = BUILT_PRODUCTS_DIR; };
		C75D39311962C2660007B632 /* MOAutoUpdater-Prefix.pch */ = {isa = PBXFileReference; lastKnownFileType = sourcecode.c.h; path = "MOAutoUpdater-Prefix.pch"; sourceTree = "<group>"; };
		C75D39321962C2660007B632 /* MOUpdater.h */ = {isa = PBXFileReference; lastKnownFileType = sourcecode.c.h; path = MOUpdater.h; sourceTree = "<group>"; };
		C75D39331962C2660007B632 /* MOUpdater.m */ = {isa = PBXFileReference; lastKnownFileType = sourcecode.c.objc; path = MOUpdater.m; sourceTree = "<group>"; };
		C75D39391962C2660007B632 /* MOAutoUpdaterTests.xctest */ = {isa = PBXFileReference; explicitFileType = wrapper.cfbundle; includeInIndex = 0; path = MOAutoUpdaterTests.xctest; sourceTree = BUILT_PRODUCTS_DIR; };
		C75D39411962C2660007B632 /* MOAutoUpdaterTests-Info.plist */ = {isa = PBXFileReference; lastKnownFileType = text.plist.xml; path = "MOAutoUpdaterTests-Info.plist"; sourceTree = "<group>"; };
		C75D39431962C2660007B632 /* en */ = {isa = PBXFileReference; lastKnownFileType = text.plist.strings; name = en; path = en.lproj/InfoPlist.strings; sourceTree = "<group>"; };
		C75D39451962C2660007B632 /* MOAutoUpdaterTests.m */ = {isa = PBXFileReference; lastKnownFileType = sourcecode.c.objc; path = MOAutoUpdaterTests.m; sourceTree = "<group>"; };
		C75D394F1962CDAA0007B632 /* MOGithubReleaseFetcher.h */ = {isa = PBXFileReference; fileEncoding = 4; lastKnownFileType = sourcecode.c.h; path = MOGithubReleaseFetcher.h; sourceTree = "<group>"; };
		C75D39501962CDAA0007B632 /* MOGithubReleaseFetcher.m */ = {isa = PBXFileReference; fileEncoding = 4; lastKnownFileType = sourcecode.c.objc; path = MOGithubReleaseFetcher.m; sourceTree = "<group>"; };
		C75D39531962CF260007B632 /* MOLog.h */ = {isa = PBXFileReference; fileEncoding = 4; lastKnownFileType = sourcecode.c.h; path = MOLog.h; sourceTree = "<group>"; };
		C75D39541962CF260007B632 /* MOLog.m */ = {isa = PBXFileReference; fileEncoding = 4; lastKnownFileType = sourcecode.c.objc; path = MOLog.m; sourceTree = "<group>"; };
		C75D39581963004B0007B632 /* MOUnarchiver.h */ = {isa = PBXFileReference; lastKnownFileType = sourcecode.c.h; path = MOUnarchiver.h; sourceTree = "<group>"; };
		C75D3959196300920007B632 /* MOZipUnarchiver.h */ = {isa = PBXFileReference; fileEncoding = 4; lastKnownFileType = sourcecode.c.h; path = MOZipUnarchiver.h; sourceTree = "<group>"; };
		C75D395A196300920007B632 /* MOZipUnarchiver.m */ = {isa = PBXFileReference; fileEncoding = 4; lastKnownFileType = sourcecode.c.objc; path = MOZipUnarchiver.m; sourceTree = "<group>"; };
		C75D395E196306700007B632 /* MOUnarchiver.m */ = {isa = PBXFileReference; fileEncoding = 4; lastKnownFileType = sourcecode.c.objc; path = MOUnarchiver.m; sourceTree = "<group>"; };
		C7728081196252C300315C42 /* Updater.app */ = {isa = PBXFileReference; explicitFileType = wrapper.application; includeInIndex = 0; path = Updater.app; sourceTree = BUILT_PRODUCTS_DIR; };
		C7728084196252C300315C42 /* Cocoa.framework */ = {isa = PBXFileReference; lastKnownFileType = wrapper.framework; name = Cocoa.framework; path = System/Library/Frameworks/Cocoa.framework; sourceTree = SDKROOT; };
		C7728087196252C300315C42 /* AppKit.framework */ = {isa = PBXFileReference; lastKnownFileType = wrapper.framework; name = AppKit.framework; path = System/Library/Frameworks/AppKit.framework; sourceTree = SDKROOT; };
		C7728089196252C300315C42 /* Foundation.framework */ = {isa = PBXFileReference; lastKnownFileType = wrapper.framework; name = Foundation.framework; path = System/Library/Frameworks/Foundation.framework; sourceTree = SDKROOT; };
		C772808C196252C300315C42 /* MOAutoUpdater-Info.plist */ = {isa = PBXFileReference; lastKnownFileType = text.plist.xml; path = "MOAutoUpdater-Info.plist"; sourceTree = "<group>"; };
		C772808E196252C300315C42 /* en */ = {isa = PBXFileReference; lastKnownFileType = text.plist.strings; name = en; path = en.lproj/InfoPlist.strings; sourceTree = "<group>"; };
		C7728090196252C300315C42 /* main.m */ = {isa = PBXFileReference; lastKnownFileType = sourcecode.c.objc; path = main.m; sourceTree = "<group>"; };
		C7728092196252C300315C42 /* MOAutoUpdater-Prefix.pch */ = {isa = PBXFileReference; lastKnownFileType = sourcecode.c.h; path = "MOAutoUpdater-Prefix.pch"; sourceTree = "<group>"; };
		C77280A3196252C300315C42 /* XCTest.framework */ = {isa = PBXFileReference; lastKnownFileType = wrapper.framework; name = XCTest.framework; path = Library/Frameworks/XCTest.framework; sourceTree = DEVELOPER_DIR; };
		C77280B81962555B00315C42 /* MOTerminationObserver.h */ = {isa = PBXFileReference; fileEncoding = 4; lastKnownFileType = sourcecode.c.h; path = MOTerminationObserver.h; sourceTree = "<group>"; };
		C77280B91962555B00315C42 /* MOTerminationObserver.m */ = {isa = PBXFileReference; fileEncoding = 4; lastKnownFileType = sourcecode.c.objc; path = MOTerminationObserver.m; sourceTree = "<group>"; };
		C77280BB196262B000315C42 /* MOInstaller.h */ = {isa = PBXFileReference; fileEncoding = 4; lastKnownFileType = sourcecode.c.h; path = MOInstaller.h; sourceTree = "<group>"; };
		C77280BC196262B000315C42 /* MOInstaller.m */ = {isa = PBXFileReference; fileEncoding = 4; lastKnownFileType = sourcecode.c.objc; path = MOInstaller.m; sourceTree = "<group>"; };
		C7DD58161963A95C0014311D /* MOUpdateChecker.h */ = {isa = PBXFileReference; fileEncoding = 4; lastKnownFileType = sourcecode.c.h; path = MOUpdateChecker.h; sourceTree = "<group>"; };
		C7DD58171963A95C0014311D /* MOUpdateChecker.m */ = {isa = PBXFileReference; fileEncoding = 4; lastKnownFileType = sourcecode.c.objc; path = MOUpdateChecker.m; sourceTree = "<group>"; };
		C7DD581A1963A99C0014311D /* MOArchiveFetcher.h */ = {isa = PBXFileReference; fileEncoding = 4; lastKnownFileType = sourcecode.c.h; path = MOArchiveFetcher.h; sourceTree = "<group>"; };
		C7DD581B1963A99C0014311D /* MOArchiveFetcher.m */ = {isa = PBXFileReference; fileEncoding = 4; lastKnownFileType = sourcecode.c.objc; path = MOArchiveFetcher.m; sourceTree = "<group>"; };
		C7DD581F1963D5FC0014311D /* MOValidator.h */ = {isa = PBXFileReference; fileEncoding = 4; lastKnownFileType = sourcecode.c.h; path = MOValidator.h; sourceTree = "<group>"; };
		C7DD58201963D5FC0014311D /* MOValidator.m */ = {isa = PBXFileReference; fileEncoding = 4; lastKnownFileType = sourcecode.c.objc; path = MOValidator.m; sourceTree = "<group>"; };
		C7DD58231963D6190014311D /* MOCodeSignValidator.h */ = {isa = PBXFileReference; fileEncoding = 4; lastKnownFileType = sourcecode.c.h; path = MOCodeSignValidator.h; sourceTree = "<group>"; };
		C7DD58241963D6190014311D /* MOCodeSignValidator.m */ = {isa = PBXFileReference; fileEncoding = 4; lastKnownFileType = sourcecode.c.objc; path = MOCodeSignValidator.m; sourceTree = "<group>"; };
		C7DD58271963D6280014311D /* SUCodeSigningVerifier.h */ = {isa = PBXFileReference; fileEncoding = 4; lastKnownFileType = sourcecode.c.h; path = SUCodeSigningVerifier.h; sourceTree = "<group>"; };
		C7DD58281963D6280014311D /* SUCodeSigningVerifier.m */ = {isa = PBXFileReference; fileEncoding = 4; lastKnownFileType = sourcecode.c.objc; path = SUCodeSigningVerifier.m; sourceTree = "<group>"; };
/* End PBXFileReference section */

/* Begin PBXFrameworksBuildPhase section */
		C75D392A1962C2660007B632 /* Frameworks */ = {
			isa = PBXFrameworksBuildPhase;
			buildActionMask = 2147483647;
			files = (
				C75D392E1962C2660007B632 /* Cocoa.framework in Frameworks */,
				4D24CE881A254B3AA40326FD /* libPods.a in Frameworks */,
			);
			runOnlyForDeploymentPostprocessing = 0;
		};
		C75D39361962C2660007B632 /* Frameworks */ = {
			isa = PBXFrameworksBuildPhase;
			buildActionMask = 2147483647;
			files = (
				C75D393B1962C2660007B632 /* Cocoa.framework in Frameworks */,
				C75D393A1962C2660007B632 /* XCTest.framework in Frameworks */,
				C75D393E1962C2660007B632 /* MOAutoUpdater.dylib in Frameworks */,
			);
			runOnlyForDeploymentPostprocessing = 0;
		};
		C772807E196252C300315C42 /* Frameworks */ = {
			isa = PBXFrameworksBuildPhase;
			buildActionMask = 2147483647;
			files = (
				C7728085196252C300315C42 /* Cocoa.framework in Frameworks */,
			);
			runOnlyForDeploymentPostprocessing = 0;
		};
/* End PBXFrameworksBuildPhase section */

/* Begin PBXGroup section */
		C39B63FE5DBD652F0C3B3B2D /* Pods */ = {
			isa = PBXGroup;
			children = (
				664C4CBCFB8AB06C0CCBBE21 /* Pods.debug.xcconfig */,
				A6AB3E783F8A6BF7B3E724D3 /* Pods.release.xcconfig */,
			);
			name = Pods;
			sourceTree = "<group>";
		};
		C75D39301962C2660007B632 /* Supporting Files */ = {
			isa = PBXGroup;
			children = (
				C75D39531962CF260007B632 /* MOLog.h */,
				C75D39541962CF260007B632 /* MOLog.m */,
				C75D39311962C2660007B632 /* MOAutoUpdater-Prefix.pch */,
				C75D38EE1962A6910007B632 /* LICENSE */,
			);
			name = "Supporting Files";
			sourceTree = "<group>";
		};
		C75D393F1962C2660007B632 /* MOAutoUpdaterTests */ = {
			isa = PBXGroup;
			children = (
				C75D39451962C2660007B632 /* MOAutoUpdaterTests.m */,
				C75D39401962C2660007B632 /* Supporting Files */,
			);
			path = MOAutoUpdaterTests;
			sourceTree = "<group>";
		};
		C75D39401962C2660007B632 /* Supporting Files */ = {
			isa = PBXGroup;
			children = (
				C75D39411962C2660007B632 /* MOAutoUpdaterTests-Info.plist */,
				C75D39421962C2660007B632 /* InfoPlist.strings */,
			);
			name = "Supporting Files";
			sourceTree = "<group>";
		};
		C75D394D1962C2890007B632 /* Application */ = {
			isa = PBXGroup;
			children = (
				C7728090196252C300315C42 /* main.m */,
				C77280B81962555B00315C42 /* MOTerminationObserver.h */,
				C77280B91962555B00315C42 /* MOTerminationObserver.m */,
				C77280BB196262B000315C42 /* MOInstaller.h */,
				C77280BC196262B000315C42 /* MOInstaller.m */,
				C772808B196252C300315C42 /* Supporting Files */,
			);
			name = Application;
			sourceTree = "<group>";
		};
		C75D3957196300350007B632 /* Unarchivers */ = {
			isa = PBXGroup;
			children = (
				C75D39581963004B0007B632 /* MOUnarchiver.h */,
				C75D395E196306700007B632 /* MOUnarchiver.m */,
				C75D3959196300920007B632 /* MOZipUnarchiver.h */,
				C75D395A196300920007B632 /* MOZipUnarchiver.m */,
			);
			name = Unarchivers;
			sourceTree = "<group>";
		};
		C75D396019630C0B0007B632 /* Fetchers */ = {
			isa = PBXGroup;
			children = (
				C7DD581A1963A99C0014311D /* MOArchiveFetcher.h */,
				C7DD581B1963A99C0014311D /* MOArchiveFetcher.m */,
				C75D394F1962CDAA0007B632 /* MOGithubReleaseFetcher.h */,
				C75D39501962CDAA0007B632 /* MOGithubReleaseFetcher.m */,
			);
			name = Fetchers;
			sourceTree = "<group>";
		};
		C7728078196252C300315C42 = {
			isa = PBXGroup;
			children = (
				C772808A196252C300315C42 /* MOAutoUpdater */,
				C75D393F1962C2660007B632 /* MOAutoUpdaterTests */,
				C7728083196252C300315C42 /* Frameworks */,
				C7728082196252C300315C42 /* Products */,
				C39B63FE5DBD652F0C3B3B2D /* Pods */,
			);
			sourceTree = "<group>";
		};
		C7728082196252C300315C42 /* Products */ = {
			isa = PBXGroup;
			children = (
				C7728081196252C300315C42 /* Updater.app */,
				C75D392D1962C2660007B632 /* MOAutoUpdater.dylib */,
				C75D39391962C2660007B632 /* MOAutoUpdaterTests.xctest */,
			);
			name = Products;
			sourceTree = "<group>";
		};
		C7728083196252C300315C42 /* Frameworks */ = {
			isa = PBXGroup;
			children = (
				C7728084196252C300315C42 /* Cocoa.framework */,
				C77280A3196252C300315C42 /* XCTest.framework */,
				C7728086196252C300315C42 /* Other Frameworks */,
				5DC16B4057084455AF54C4A5 /* libPods.a */,
			);
			name = Frameworks;
			sourceTree = "<group>";
		};
		C7728086196252C300315C42 /* Other Frameworks */ = {
			isa = PBXGroup;
			children = (
				C7728087196252C300315C42 /* AppKit.framework */,
				C7728089196252C300315C42 /* Foundation.framework */,
			);
			name = "Other Frameworks";
			sourceTree = "<group>";
		};
		C772808A196252C300315C42 /* MOAutoUpdater */ = {
			isa = PBXGroup;
			children = (
				C75D394D1962C2890007B632 /* Application */,
				C75D396019630C0B0007B632 /* Fetchers */,
				C75D3957196300350007B632 /* Unarchivers */,
				C7DD581E1963D5B20014311D /* Validators */,
				C75D39301962C2660007B632 /* Supporting Files */,
				C75D39321962C2660007B632 /* MOUpdater.h */,
				C75D39331962C2660007B632 /* MOUpdater.m */,
				C7DD58161963A95C0014311D /* MOUpdateChecker.h */,
				C7DD58171963A95C0014311D /* MOUpdateChecker.m */,
			);
			path = MOAutoUpdater;
			sourceTree = "<group>";
		};
		C772808B196252C300315C42 /* Supporting Files */ = {
			isa = PBXGroup;
			children = (
				C772808C196252C300315C42 /* MOAutoUpdater-Info.plist */,
				C772808D196252C300315C42 /* InfoPlist.strings */,
				C7728092196252C300315C42 /* MOAutoUpdater-Prefix.pch */,
			);
			name = "Supporting Files";
			sourceTree = "<group>";
		};
		C7DD581E1963D5B20014311D /* Validators */ = {
			isa = PBXGroup;
			children = (
				C7DD581F1963D5FC0014311D /* MOValidator.h */,
				C7DD58201963D5FC0014311D /* MOValidator.m */,
				C7DD58231963D6190014311D /* MOCodeSignValidator.h */,
				C7DD58241963D6190014311D /* MOCodeSignValidator.m */,
				C7DD58271963D6280014311D /* SUCodeSigningVerifier.h */,
				C7DD58281963D6280014311D /* SUCodeSigningVerifier.m */,
			);
			name = Validators;
			sourceTree = "<group>";
		};
/* End PBXGroup section */

/* Begin PBXHeadersBuildPhase section */
		C75D392B1962C2660007B632 /* Headers */ = {
			isa = PBXHeadersBuildPhase;
			buildActionMask = 2147483647;
			files = (
				C75D39511962CDAA0007B632 /* MOGithubReleaseFetcher.h in Headers */,
				C75D395B196300920007B632 /* MOZipUnarchiver.h in Headers */,
				C7DD58181963A95C0014311D /* MOUpdateChecker.h in Headers */,
				C75D39551962CF260007B632 /* MOLog.h in Headers */,
				C7DD58291963D6280014311D /* SUCodeSigningVerifier.h in Headers */,
				C7DD58251963D6190014311D /* MOCodeSignValidator.h in Headers */,
				C75D395D196300CE0007B632 /* MOUnarchiver.h in Headers */,
				C7DD58211963D5FC0014311D /* MOValidator.h in Headers */,
				C7DD581C1963A99C0014311D /* MOArchiveFetcher.h in Headers */,
				C75D394E1962CAEE0007B632 /* MOUpdater.h in Headers */,
			);
			runOnlyForDeploymentPostprocessing = 0;
		};
/* End PBXHeadersBuildPhase section */

/* Begin PBXNativeTarget section */
		C75D392C1962C2660007B632 /* MOAutoUpdater */ = {
			isa = PBXNativeTarget;
			buildConfigurationList = C75D39471962C2670007B632 /* Build configuration list for PBXNativeTarget "MOAutoUpdater" */;
			buildPhases = (
				82BE3EFCC02E455A94438BF5 /* Check Pods Manifest.lock */,
				C75D39291962C2660007B632 /* Sources */,
				C75D392A1962C2660007B632 /* Frameworks */,
				C75D392B1962C2660007B632 /* Headers */,
				F67C84DDC8A64720815CF457 /* Copy Pods Resources */,
			);
			buildRules = (
			);
			dependencies = (
			);
			name = MOAutoUpdater;
			productName = MOAutoUpdater;
			productReference = C75D392D1962C2660007B632 /* MOAutoUpdater.dylib */;
			productType = "com.apple.product-type.library.dynamic";
		};
		C75D39381962C2660007B632 /* MOAutoUpdaterTests */ = {
			isa = PBXNativeTarget;
			buildConfigurationList = C75D394A1962C2670007B632 /* Build configuration list for PBXNativeTarget "MOAutoUpdaterTests" */;
			buildPhases = (
				C75D39351962C2660007B632 /* Sources */,
				C75D39361962C2660007B632 /* Frameworks */,
				C75D39371962C2660007B632 /* Resources */,
			);
			buildRules = (
			);
			dependencies = (
				C75D393D1962C2660007B632 /* PBXTargetDependency */,
			);
			name = MOAutoUpdaterTests;
			productName = MOAutoUpdaterTests;
			productReference = C75D39391962C2660007B632 /* MOAutoUpdaterTests.xctest */;
			productType = "com.apple.product-type.bundle.unit-test";
		};
		C7728080196252C300315C42 /* Updater.app */ = {
			isa = PBXNativeTarget;
			buildConfigurationList = C77280B2196252C300315C42 /* Build configuration list for PBXNativeTarget "Updater.app" */;
			buildPhases = (
				C772807D196252C300315C42 /* Sources */,
				C772807E196252C300315C42 /* Frameworks */,
				C772807F196252C300315C42 /* Resources */,
				C75D39041962BA840007B632 /* ShellScript */,
			);
			buildRules = (
			);
			dependencies = (
			);
			name = Updater.app;
			productName = AutoUpdater;
			productReference = C7728081196252C300315C42 /* Updater.app */;
			productType = "com.apple.product-type.application";
		};
/* End PBXNativeTarget section */

/* Begin PBXProject section */
		C7728079196252C300315C42 /* Project object */ = {
			isa = PBXProject;
			attributes = {
				CLASSPREFIX = MO;
				LastUpgradeCheck = 0510;
				ORGANIZATIONNAME = maaash.jp;
				TargetAttributes = {
					C75D39381962C2660007B632 = {
						TestTargetID = C75D392C1962C2660007B632;
					};
				};
			};
			buildConfigurationList = C772807C196252C300315C42 /* Build configuration list for PBXProject "MOAutoUpdater" */;
			compatibilityVersion = "Xcode 3.2";
			developmentRegion = English;
			hasScannedForEncodings = 0;
			knownRegions = (
				en,
				Base,
			);
			mainGroup = C7728078196252C300315C42;
			productRefGroup = C7728082196252C300315C42 /* Products */;
			projectDirPath = "";
			projectRoot = "";
			targets = (
				C7728080196252C300315C42 /* Updater.app */,
				C75D392C1962C2660007B632 /* MOAutoUpdater */,
				C75D39381962C2660007B632 /* MOAutoUpdaterTests */,
			);
		};
/* End PBXProject section */

/* Begin PBXResourcesBuildPhase section */
		C75D39371962C2660007B632 /* Resources */ = {
			isa = PBXResourcesBuildPhase;
			buildActionMask = 2147483647;
			files = (
				C75D39441962C2660007B632 /* InfoPlist.strings in Resources */,
			);
			runOnlyForDeploymentPostprocessing = 0;
		};
		C772807F196252C300315C42 /* Resources */ = {
			isa = PBXResourcesBuildPhase;
			buildActionMask = 2147483647;
			files = (
				C75D38EF1962A6910007B632 /* LICENSE in Resources */,
				C772808F196252C300315C42 /* InfoPlist.strings in Resources */,
			);
			runOnlyForDeploymentPostprocessing = 0;
		};
/* End PBXResourcesBuildPhase section */

/* Begin PBXShellScriptBuildPhase section */
		82BE3EFCC02E455A94438BF5 /* Check Pods Manifest.lock */ = {
			isa = PBXShellScriptBuildPhase;
			buildActionMask = 2147483647;
			files = (
			);
			inputPaths = (
			);
			name = "Check Pods Manifest.lock";
			outputPaths = (
			);
			runOnlyForDeploymentPostprocessing = 0;
			shellPath = /bin/sh;
			shellScript = "diff \"${PODS_ROOT}/../Podfile.lock\" \"${PODS_ROOT}/Manifest.lock\" > /dev/null\nif [[ $? != 0 ]] ; then\n    cat << EOM\nerror: The sandbox is not in sync with the Podfile.lock. Run 'pod install' or update your CocoaPods installation.\nEOM\n    exit 1\nfi\n";
			showEnvVarsInLog = 0;
		};
		C75D39041962BA840007B632 /* ShellScript */ = {
			isa = PBXShellScriptBuildPhase;
			buildActionMask = 2147483647;
			files = (
			);
			inputPaths = (
			);
			outputPaths = (
			);
			runOnlyForDeploymentPostprocessing = 0;
			shellPath = /bin/sh;
			shellScript = "if [ test -d \"${SRCROOT}/Products/${FULL_PRODUCT_NAME}\" ]; then\n  rm -r \"${SRCROOT}/Products/${FULL_PRODUCT_NAME}\"\nfi\ncp -R \"${BUILT_PRODUCTS_DIR}/${FULL_PRODUCT_NAME}\" \"${SRCROOT}/Products/\"\n";
		};
		F67C84DDC8A64720815CF457 /* Copy Pods Resources */ = {
			isa = PBXShellScriptBuildPhase;
			buildActionMask = 2147483647;
			files = (
			);
			inputPaths = (
			);
			name = "Copy Pods Resources";
			outputPaths = (
			);
			runOnlyForDeploymentPostprocessing = 0;
			shellPath = /bin/sh;
			shellScript = "\"${SRCROOT}/Pods/Target Support Files/Pods/Pods-resources.sh\"\n";
			showEnvVarsInLog = 0;
		};
/* End PBXShellScriptBuildPhase section */

/* Begin PBXSourcesBuildPhase section */
		C75D39291962C2660007B632 /* Sources */ = {
			isa = PBXSourcesBuildPhase;
			buildActionMask = 2147483647;
			files = (
				C7DD582A1963D6280014311D /* SUCodeSigningVerifier.m in Sources */,
				C75D395C196300920007B632 /* MOZipUnarchiver.m in Sources */,
				C75D39561962CF260007B632 /* MOLog.m in Sources */,
				C75D39521962CDAA0007B632 /* MOGithubReleaseFetcher.m in Sources */,
				C7DD58261963D6190014311D /* MOCodeSignValidator.m in Sources */,
				C7DD581D1963A99C0014311D /* MOArchiveFetcher.m in Sources */,
				C7DD58221963D5FC0014311D /* MOValidator.m in Sources */,
				C75D39341962C2660007B632 /* MOUpdater.m in Sources */,
				C7DD58191963A95C0014311D /* MOUpdateChecker.m in Sources */,
				C75D395F196306700007B632 /* MOUnarchiver.m in Sources */,
			);
			runOnlyForDeploymentPostprocessing = 0;
		};
		C75D39351962C2660007B632 /* Sources */ = {
			isa = PBXSourcesBuildPhase;
			buildActionMask = 2147483647;
			files = (
				C75D39461962C2660007B632 /* MOAutoUpdaterTests.m in Sources */,
			);
			runOnlyForDeploymentPostprocessing = 0;
		};
		C772807D196252C300315C42 /* Sources */ = {
			isa = PBXSourcesBuildPhase;
			buildActionMask = 2147483647;
			files = (
				C73F2D0D1965027B00B9AC53 /* MOUpdater.m in Sources */,
				C77280BA1962555B00315C42 /* MOTerminationObserver.m in Sources */,
				C77280BD196262B000315C42 /* MOInstaller.m in Sources */,
				C7728091196252C300315C42 /* main.m in Sources */,
			);
			runOnlyForDeploymentPostprocessing = 0;
		};
/* End PBXSourcesBuildPhase section */

/* Begin PBXTargetDependency section */
		C75D393D1962C2660007B632 /* PBXTargetDependency */ = {
			isa = PBXTargetDependency;
			target = C75D392C1962C2660007B632 /* MOAutoUpdater */;
			targetProxy = C75D393C1962C2660007B632 /* PBXContainerItemProxy */;
		};
/* End PBXTargetDependency section */

/* Begin PBXVariantGroup section */
		C75D39421962C2660007B632 /* InfoPlist.strings */ = {
			isa = PBXVariantGroup;
			children = (
				C75D39431962C2660007B632 /* en */,
			);
			name = InfoPlist.strings;
			sourceTree = "<group>";
		};
		C772808D196252C300315C42 /* InfoPlist.strings */ = {
			isa = PBXVariantGroup;
			children = (
				C772808E196252C300315C42 /* en */,
			);
			name = InfoPlist.strings;
			sourceTree = "<group>";
		};
/* End PBXVariantGroup section */

/* Begin XCBuildConfiguration section */
		C75D39481962C2670007B632 /* Debug */ = {
			isa = XCBuildConfiguration;
			baseConfigurationReference = 664C4CBCFB8AB06C0CCBBE21 /* Pods.debug.xcconfig */;
			buildSettings = {
				DYLIB_COMPATIBILITY_VERSION = 1;
				DYLIB_CURRENT_VERSION = 1;
				GCC_PRECOMPILE_PREFIX_HEADER = YES;
				GCC_PREFIX_HEADER = "MOAutoUpdater/MOAutoUpdater-Prefix.pch";
				GCC_PREPROCESSOR_DEFINITIONS = (
					"DEBUG=1",
					"$(inherited)",
				);
				MACOSX_DEPLOYMENT_TARGET = 10.9;
				PRODUCT_NAME = MOAutoUpdater;
			};
			name = Debug;
		};
		C75D39491962C2670007B632 /* Release */ = {
			isa = XCBuildConfiguration;
			baseConfigurationReference = A6AB3E783F8A6BF7B3E724D3 /* Pods.release.xcconfig */;
			buildSettings = {
				DYLIB_COMPATIBILITY_VERSION = 1;
				DYLIB_CURRENT_VERSION = 1;
				GCC_PRECOMPILE_PREFIX_HEADER = YES;
				GCC_PREFIX_HEADER = "MOAutoUpdater/MOAutoUpdater-Prefix.pch";
				MACOSX_DEPLOYMENT_TARGET = 10.9;
				PRODUCT_NAME = MOAutoUpdater;
			};
			name = Release;
		};
		C75D394B1962C2670007B632 /* Debug */ = {
			isa = XCBuildConfiguration;
			buildSettings = {
				BUNDLE_LOADER = "$(BUILT_PRODUCTS_DIR)/MOAutoUpdater.dylib";
				COMBINE_HIDPI_IMAGES = YES;
				FRAMEWORK_SEARCH_PATHS = (
					"$(DEVELOPER_FRAMEWORKS_DIR)",
					"$(inherited)",
				);
				GCC_PRECOMPILE_PREFIX_HEADER = YES;
				GCC_PREFIX_HEADER = "MOAutoUpdater/MOAutoUpdater-Prefix.pch";
				GCC_PREPROCESSOR_DEFINITIONS = (
					"DEBUG=1",
					"$(inherited)",
				);
				INFOPLIST_FILE = "MOAutoUpdaterTests/MOAutoUpdaterTests-Info.plist";
				MACOSX_DEPLOYMENT_TARGET = 10.9;
				PRODUCT_NAME = MOAutoUpdaterTests;
				TEST_HOST = "$(BUNDLE_LOADER)";
				WRAPPER_EXTENSION = xctest;
			};
			name = Debug;
		};
		C75D394C1962C2670007B632 /* Release */ = {
			isa = XCBuildConfiguration;
			buildSettings = {
				BUNDLE_LOADER = "$(BUILT_PRODUCTS_DIR)/MOAutoUpdater.dylib";
				COMBINE_HIDPI_IMAGES = YES;
				FRAMEWORK_SEARCH_PATHS = (
					"$(DEVELOPER_FRAMEWORKS_DIR)",
					"$(inherited)",
				);
				GCC_PRECOMPILE_PREFIX_HEADER = YES;
				GCC_PREFIX_HEADER = "MOAutoUpdater/MOAutoUpdater-Prefix.pch";
				INFOPLIST_FILE = "MOAutoUpdaterTests/MOAutoUpdaterTests-Info.plist";
				MACOSX_DEPLOYMENT_TARGET = 10.9;
				PRODUCT_NAME = MOAutoUpdaterTests;
				TEST_HOST = "$(BUNDLE_LOADER)";
				WRAPPER_EXTENSION = xctest;
			};
			name = Release;
		};
		C77280B0196252C300315C42 /* Debug */ = {
			isa = XCBuildConfiguration;
			buildSettings = {
				ALWAYS_SEARCH_USER_PATHS = NO;
				CLANG_CXX_LANGUAGE_STANDARD = "gnu++0x";
				CLANG_CXX_LIBRARY = "libc++";
				CLANG_ENABLE_MODULES = YES;
				CLANG_ENABLE_OBJC_ARC = YES;
				CLANG_WARN_BOOL_CONVERSION = YES;
				CLANG_WARN_CONSTANT_CONVERSION = YES;
				CLANG_WARN_DIRECT_OBJC_ISA_USAGE = YES_ERROR;
				CLANG_WARN_EMPTY_BODY = YES;
				CLANG_WARN_ENUM_CONVERSION = YES;
				CLANG_WARN_INT_CONVERSION = YES;
				CLANG_WARN_OBJC_ROOT_CLASS = YES_ERROR;
				CLANG_WARN__DUPLICATE_METHOD_MATCH = YES;
				COPY_PHASE_STRIP = NO;
				GCC_C_LANGUAGE_STANDARD = gnu99;
				GCC_DYNAMIC_NO_PIC = NO;
				GCC_ENABLE_OBJC_EXCEPTIONS = YES;
				GCC_OPTIMIZATION_LEVEL = 0;
				GCC_PREPROCESSOR_DEFINITIONS = (
					"DEBUG=1",
					"$(inherited)",
				);
				GCC_SYMBOLS_PRIVATE_EXTERN = NO;
				GCC_WARN_64_TO_32_BIT_CONVERSION = YES;
				GCC_WARN_ABOUT_RETURN_TYPE = YES_ERROR;
				GCC_WARN_UNDECLARED_SELECTOR = YES;
				GCC_WARN_UNINITIALIZED_AUTOS = YES_AGGRESSIVE;
				GCC_WARN_UNUSED_FUNCTION = YES;
				GCC_WARN_UNUSED_VARIABLE = YES;
				MACOSX_DEPLOYMENT_TARGET = 10.9;
				ONLY_ACTIVE_ARCH = YES;
				SDKROOT = macosx;
			};
			name = Debug;
		};
		C77280B1196252C300315C42 /* Release */ = {
			isa = XCBuildConfiguration;
			buildSettings = {
				ALWAYS_SEARCH_USER_PATHS = NO;
				CLANG_CXX_LANGUAGE_STANDARD = "gnu++0x";
				CLANG_CXX_LIBRARY = "libc++";
				CLANG_ENABLE_MODULES = YES;
				CLANG_ENABLE_OBJC_ARC = YES;
				CLANG_WARN_BOOL_CONVERSION = YES;
				CLANG_WARN_CONSTANT_CONVERSION = YES;
				CLANG_WARN_DIRECT_OBJC_ISA_USAGE = YES_ERROR;
				CLANG_WARN_EMPTY_BODY = YES;
				CLANG_WARN_ENUM_CONVERSION = YES;
				CLANG_WARN_INT_CONVERSION = YES;
				CLANG_WARN_OBJC_ROOT_CLASS = YES_ERROR;
				CLANG_WARN__DUPLICATE_METHOD_MATCH = YES;
				COPY_PHASE_STRIP = YES;
				DEBUG_INFORMATION_FORMAT = "dwarf-with-dsym";
				ENABLE_NS_ASSERTIONS = NO;
				GCC_C_LANGUAGE_STANDARD = gnu99;
				GCC_ENABLE_OBJC_EXCEPTIONS = YES;
				GCC_WARN_64_TO_32_BIT_CONVERSION = YES;
				GCC_WARN_ABOUT_RETURN_TYPE = YES_ERROR;
				GCC_WARN_UNDECLARED_SELECTOR = YES;
				GCC_WARN_UNINITIALIZED_AUTOS = YES_AGGRESSIVE;
				GCC_WARN_UNUSED_FUNCTION = YES;
				GCC_WARN_UNUSED_VARIABLE = YES;
				MACOSX_DEPLOYMENT_TARGET = 10.9;
				SDKROOT = macosx;
			};
			name = Release;
		};
		C77280B3196252C300315C42 /* Debug */ = {
			isa = XCBuildConfiguration;
			buildSettings = {
				ASSETCATALOG_COMPILER_APPICON_NAME = AppIcon;
				COMBINE_HIDPI_IMAGES = YES;
				GCC_PRECOMPILE_PREFIX_HEADER = YES;
				GCC_PREFIX_HEADER = "MOAutoUpdater/MOAutoUpdater-Prefix.pch";
				INFOPLIST_FILE = "MOAutoUpdater/MOAutoUpdater-Info.plist";
				PRODUCT_NAME = Updater;
				WRAPPER_EXTENSION = app;
			};
			name = Debug;
		};
		C77280B4196252C300315C42 /* Release */ = {
			isa = XCBuildConfiguration;
			buildSettings = {
				ASSETCATALOG_COMPILER_APPICON_NAME = AppIcon;
				COMBINE_HIDPI_IMAGES = YES;
				GCC_PRECOMPILE_PREFIX_HEADER = YES;
				GCC_PREFIX_HEADER = "MOAutoUpdater/MOAutoUpdater-Prefix.pch";
				INFOPLIST_FILE = "MOAutoUpdater/MOAutoUpdater-Info.plist";
				PRODUCT_NAME = Updater;
				WRAPPER_EXTENSION = app;
			};
			name = Release;
		};
/* End XCBuildConfiguration section */

/* Begin XCConfigurationList section */
		C75D39471962C2670007B632 /* Build configuration list for PBXNativeTarget "MOAutoUpdater" */ = {
			isa = XCConfigurationList;
			buildConfigurations = (
				C75D39481962C2670007B632 /* Debug */,
				C75D39491962C2670007B632 /* Release */,
			);
			defaultConfigurationIsVisible = 0;
			defaultConfigurationName = Release;
		};
		C75D394A1962C2670007B632 /* Build configuration list for PBXNativeTarget "MOAutoUpdaterTests" */ = {
			isa = XCConfigurationList;
			buildConfigurations = (
				C75D394B1962C2670007B632 /* Debug */,
				C75D394C1962C2670007B632 /* Release */,
			);
			defaultConfigurationIsVisible = 0;
			defaultConfigurationName = Release;
		};
		C772807C196252C300315C42 /* Build configuration list for PBXProject "MOAutoUpdater" */ = {
			isa = XCConfigurationList;
			buildConfigurations = (
				C77280B0196252C300315C42 /* Debug */,
				C77280B1196252C300315C42 /* Release */,
			);
			defaultConfigurationIsVisible = 0;
			defaultConfigurationName = Release;
		};
		C77280B2196252C300315C42 /* Build configuration list for PBXNativeTarget "Updater.app" */ = {
			isa = XCConfigurationList;
			buildConfigurations = (
				C77280B3196252C300315C42 /* Debug */,
				C77280B4196252C300315C42 /* Release */,
			);
			defaultConfigurationIsVisible = 0;
			defaultConfigurationName = Release;
		};
/* End XCConfigurationList section */
	};
	rootObject = C7728079196252C300315C42 /* Project object */;
}
